
Microsoft Visual Studio Solution File, Format Version 12.00
# Visual Studio Version 16
VisualStudioVersion = 16.0.31424.327
MinimumVisualStudioVersion = 10.0.40219.1
Project("{888888A0-9F3D-457C-B088-3A5042F75D52}") = "serial python 0", "serial python 0\serial python 0.pyproj", "{B9CBBBBD-55EE-4C3A-BDDC-6E2A0D183443}"
EndProject
Global
	GlobalSection(SolutionConfigurationPlatforms) = preSolution
		Debug|Any CPU = Debug|Any CPU
		Release|Any CPU = Release|Any CPU
	EndGlobalSection
	GlobalSection(ProjectConfigurationPlatforms) = postSolution
		{B9CBBBBD-55EE-4C3A-BDDC-6E2A0D183443}.Debug|Any CPU.ActiveCfg = Debug|Any CPU
		{B9CBBBBD-55EE-4C3A-BDDC-6E2A0D183443}.Release|Any CPU.ActiveCfg = Release|Any CPU
	EndGlobalSection
	GlobalSection(SolutionProperties) = preSolution
		HideSolutionNode = FALSE
	EndGlobalSection
	GlobalSection(ExtensibilityGlobals) = postSolution
		SolutionGuid = {25C853D9-2E3B-47F9-A049-DF098C4C2676}
	EndGlobalSection
EndGlobal
